// !$*UTF8*$!
{
	archiveVersion = 1;
	classes = {
	};
	objectVersion = 46;
	objects = {

/* Begin PBXBuildFile section */
		18CE5C831D3F162300DE3D41 /* AuxiliaryModels.swift in Sources */ = {isa = PBXBuildFile; fileRef = 18CE5C801D3F162300DE3D41 /* AuxiliaryModels.swift */; };
		18CE5C841D3F162300DE3D41 /* CyclePictureCell.swift in Sources */ = {isa = PBXBuildFile; fileRef = 18CE5C811D3F162300DE3D41 /* CyclePictureCell.swift */; };
		18CE5C851D3F162300DE3D41 /* CyclePictureView.swift in Sources */ = {isa = PBXBuildFile; fileRef = 18CE5C821D3F162300DE3D41 /* CyclePictureView.swift */; };
		18CE5C881D3F162D00DE3D41 /* UIDefine.swift in Sources */ = {isa = PBXBuildFile; fileRef = 18CE5C871D3F162D00DE3D41 /* UIDefine.swift */; };
		18CE5C8D1D3F164000DE3D41 /* PayrollCalculatorVC.swift in Sources */ = {isa = PBXBuildFile; fileRef = 18CE5C891D3F164000DE3D41 /* PayrollCalculatorVC.swift */; };
		18CE5C8E1D3F164000DE3D41 /* WorkBaseCollectionCell.swift in Sources */ = {isa = PBXBuildFile; fileRef = 18CE5C8A1D3F164000DE3D41 /* WorkBaseCollectionCell.swift */; };
		18CE5C8F1D3F164000DE3D41 /* WorkLogVC.swift in Sources */ = {isa = PBXBuildFile; fileRef = 18CE5C8B1D3F164000DE3D41 /* WorkLogVC.swift */; };
		18CE5C901D3F164000DE3D41 /* WorkNoticeVC.swift in Sources */ = {isa = PBXBuildFile; fileRef = 18CE5C8C1D3F164000DE3D41 /* WorkNoticeVC.swift */; };
		18CE5C971D3F21FB00DE3D41 /* PayrollCalculatorTableViewCell.swift in Sources */ = {isa = PBXBuildFile; fileRef = 18CE5C961D3F21FB00DE3D41 /* PayrollCalculatorTableViewCell.swift */; };
		18CE5C9A1D3F658800DE3D41 /* inputTextView.swift in Sources */ = {isa = PBXBuildFile; fileRef = 18CE5C991D3F658800DE3D41 /* inputTextView.swift */; };
		462A41911D2515E200B727B1 /* AppDelegate.swift in Sources */ = {isa = PBXBuildFile; fileRef = 462A41901D2515E200B727B1 /* AppDelegate.swift */; };
		462A41931D2515E200B727B1 /* ViewController.swift in Sources */ = {isa = PBXBuildFile; fileRef = 462A41921D2515E200B727B1 /* ViewController.swift */; };
		462A41961D2515E200B727B1 /* Main.storyboard in Resources */ = {isa = PBXBuildFile; fileRef = 462A41941D2515E200B727B1 /* Main.storyboard */; };
		462A41981D2515E200B727B1 /* Assets.xcassets in Resources */ = {isa = PBXBuildFile; fileRef = 462A41971D2515E200B727B1 /* Assets.xcassets */; };
		462A419B1D2515E200B727B1 /* LaunchScreen.storyboard in Resources */ = {isa = PBXBuildFile; fileRef = 462A41991D2515E200B727B1 /* LaunchScreen.storyboard */; };
		462A41A61D2515E200B727B1 /* FaceDDTests.swift in Sources */ = {isa = PBXBuildFile; fileRef = 462A41A51D2515E200B727B1 /* FaceDDTests.swift */; };
		462A41B11D2515E200B727B1 /* FaceDDUITests.swift in Sources */ = {isa = PBXBuildFile; fileRef = 462A41B01D2515E200B727B1 /* FaceDDUITests.swift */; };
		46D5151B1D2F8E2C00C806D9 /* PersonVC.swift in Sources */ = {isa = PBXBuildFile; fileRef = 46D5151A1D2F8E2C00C806D9 /* PersonVC.swift */; };
		46D5151D1D2F8E8700C806D9 /* WorkBaseVC.swift in Sources */ = {isa = PBXBuildFile; fileRef = 46D5151C1D2F8E8700C806D9 /* WorkBaseVC.swift */; };
		46D5151F1D2F8EB500C806D9 /* DangBaseVC.swift in Sources */ = {isa = PBXBuildFile; fileRef = 46D5151E1D2F8EB500C806D9 /* DangBaseVC.swift */; };
		46D515211D2F8F8B00C806D9 /* DDNavigationController.swift in Sources */ = {isa = PBXBuildFile; fileRef = 46D515201D2F8F8B00C806D9 /* DDNavigationController.swift */; };
		592CCD9F9A11141C6DB81D41 /* Pods_FaceDD.framework in Frameworks */ = {isa = PBXBuildFile; fileRef = 4225E632615722D26BA85FB2 /* Pods_FaceDD.framework */; };
/* End PBXBuildFile section */

/* Begin PBXContainerItemProxy section */
		462A41A21D2515E200B727B1 /* PBXContainerItemProxy */ = {
			isa = PBXContainerItemProxy;
			containerPortal = 462A41851D2515E200B727B1 /* Project object */;
			proxyType = 1;
			remoteGlobalIDString = 462A418C1D2515E200B727B1;
			remoteInfo = FaceDD;
		};
		462A41AD1D2515E200B727B1 /* PBXContainerItemProxy */ = {
			isa = PBXContainerItemProxy;
			containerPortal = 462A41851D2515E200B727B1 /* Project object */;
			proxyType = 1;
			remoteGlobalIDString = 462A418C1D2515E200B727B1;
			remoteInfo = FaceDD;
		};
/* End PBXContainerItemProxy section */

/* Begin PBXFileReference section */
		18CE5C7D1D3F161400DE3D41 /* FaceDD-bridge-Header.h */ = {isa = PBXFileReference; lastKnownFileType = sourcecode.c.h; path = "FaceDD-bridge-Header.h"; sourceTree = "<group>"; };
		18CE5C801D3F162300DE3D41 /* AuxiliaryModels.swift */ = {isa = PBXFileReference; fileEncoding = 4; lastKnownFileType = sourcecode.swift; path = AuxiliaryModels.swift; sourceTree = "<group>"; };
		18CE5C811D3F162300DE3D41 /* CyclePictureCell.swift */ = {isa = PBXFileReference; fileEncoding = 4; lastKnownFileType = sourcecode.swift; path = CyclePictureCell.swift; sourceTree = "<group>"; };
		18CE5C821D3F162300DE3D41 /* CyclePictureView.swift */ = {isa = PBXFileReference; fileEncoding = 4; lastKnownFileType = sourcecode.swift; path = CyclePictureView.swift; sourceTree = "<group>"; };
		18CE5C871D3F162D00DE3D41 /* UIDefine.swift */ = {isa = PBXFileReference; fileEncoding = 4; lastKnownFileType = sourcecode.swift; path = UIDefine.swift; sourceTree = "<group>"; };
		18CE5C891D3F164000DE3D41 /* PayrollCalculatorVC.swift */ = {isa = PBXFileReference; fileEncoding = 4; lastKnownFileType = sourcecode.swift; name = PayrollCalculatorVC.swift; path = Work/PayrollCalculatorVC.swift; sourceTree = "<group>"; };
		18CE5C8A1D3F164000DE3D41 /* WorkBaseCollectionCell.swift */ = {isa = PBXFileReference; fileEncoding = 4; lastKnownFileType = sourcecode.swift; name = WorkBaseCollectionCell.swift; path = Work/WorkBaseCollectionCell.swift; sourceTree = "<group>"; };
		18CE5C8B1D3F164000DE3D41 /* WorkLogVC.swift */ = {isa = PBXFileReference; fileEncoding = 4; lastKnownFileType = sourcecode.swift; name = WorkLogVC.swift; path = Work/WorkLogVC.swift; sourceTree = "<group>"; };
		18CE5C8C1D3F164000DE3D41 /* WorkNoticeVC.swift */ = {isa = PBXFileReference; fileEncoding = 4; lastKnownFileType = sourcecode.swift; name = WorkNoticeVC.swift; path = Work/WorkNoticeVC.swift; sourceTree = "<group>"; };
		18CE5C961D3F21FB00DE3D41 /* PayrollCalculatorTableViewCell.swift */ = {isa = PBXFileReference; fileEncoding = 4; lastKnownFileType = sourcecode.swift; path = PayrollCalculatorTableViewCell.swift; sourceTree = "<group>"; };
		18CE5C991D3F658800DE3D41 /* inputTextView.swift */ = {isa = PBXFileReference; fileEncoding = 4; lastKnownFileType = sourcecode.swift; path = inputTextView.swift; sourceTree = "<group>"; };
		3E9ACFA1E9AEA1996566C0EF /* Pods-FaceDD.debug.xcconfig */ = {isa = PBXFileReference; includeInIndex = 1; lastKnownFileType = text.xcconfig; name = "Pods-FaceDD.debug.xcconfig"; path = "Pods/Target Support Files/Pods-FaceDD/Pods-FaceDD.debug.xcconfig"; sourceTree = "<group>"; };
		4225E632615722D26BA85FB2 /* Pods_FaceDD.framework */ = {isa = PBXFileReference; explicitFileType = wrapper.framework; includeInIndex = 0; path = Pods_FaceDD.framework; sourceTree = BUILT_PRODUCTS_DIR; };
		462A418D1D2515E200B727B1 /* FaceDD.app */ = {isa = PBXFileReference; explicitFileType = wrapper.application; includeInIndex = 0; path = FaceDD.app; sourceTree = BUILT_PRODUCTS_DIR; };
		462A41901D2515E200B727B1 /* AppDelegate.swift */ = {isa = PBXFileReference; lastKnownFileType = sourcecode.swift; path = AppDelegate.swift; sourceTree = "<group>"; };
		462A41921D2515E200B727B1 /* ViewController.swift */ = {isa = PBXFileReference; lastKnownFileType = sourcecode.swift; path = ViewController.swift; sourceTree = "<group>"; };
		462A41951D2515E200B727B1 /* Base */ = {isa = PBXFileReference; lastKnownFileType = file.storyboard; name = Base; path = Base.lproj/Main.storyboard; sourceTree = "<group>"; };
		462A41971D2515E200B727B1 /* Assets.xcassets */ = {isa = PBXFileReference; lastKnownFileType = folder.assetcatalog; path = Assets.xcassets; sourceTree = "<group>"; };
		462A419A1D2515E200B727B1 /* Base */ = {isa = PBXFileReference; lastKnownFileType = file.storyboard; name = Base; path = Base.lproj/LaunchScreen.storyboard; sourceTree = "<group>"; };
		462A419C1D2515E200B727B1 /* Info.plist */ = {isa = PBXFileReference; lastKnownFileType = text.plist.xml; path = Info.plist; sourceTree = "<group>"; };
		462A41A11D2515E200B727B1 /* FaceDDTests.xctest */ = {isa = PBXFileReference; explicitFileType = wrapper.cfbundle; includeInIndex = 0; path = FaceDDTests.xctest; sourceTree = BUILT_PRODUCTS_DIR; };
		462A41A51D2515E200B727B1 /* FaceDDTests.swift */ = {isa = PBXFileReference; lastKnownFileType = sourcecode.swift; path = FaceDDTests.swift; sourceTree = "<group>"; };
		462A41A71D2515E200B727B1 /* Info.plist */ = {isa = PBXFileReference; lastKnownFileType = text.plist.xml; path = Info.plist; sourceTree = "<group>"; };
		462A41AC1D2515E200B727B1 /* FaceDDUITests.xctest */ = {isa = PBXFileReference; explicitFileType = wrapper.cfbundle; includeInIndex = 0; path = FaceDDUITests.xctest; sourceTree = BUILT_PRODUCTS_DIR; };
		462A41B01D2515E200B727B1 /* FaceDDUITests.swift */ = {isa = PBXFileReference; lastKnownFileType = sourcecode.swift; path = FaceDDUITests.swift; sourceTree = "<group>"; };
		462A41B21D2515E200B727B1 /* Info.plist */ = {isa = PBXFileReference; lastKnownFileType = text.plist.xml; path = Info.plist; sourceTree = "<group>"; };
		46D5151A1D2F8E2C00C806D9 /* PersonVC.swift */ = {isa = PBXFileReference; fileEncoding = 4; lastKnownFileType = sourcecode.swift; name = PersonVC.swift; path = ME/PersonVC.swift; sourceTree = "<group>"; };
		46D5151C1D2F8E8700C806D9 /* WorkBaseVC.swift */ = {isa = PBXFileReference; fileEncoding = 4; lastKnownFileType = sourcecode.swift; name = WorkBaseVC.swift; path = Work/WorkBaseVC.swift; sourceTree = "<group>"; };
		46D5151E1D2F8EB500C806D9 /* DangBaseVC.swift */ = {isa = PBXFileReference; fileEncoding = 4; lastKnownFileType = sourcecode.swift; name = DangBaseVC.swift; path = Dang/DangBaseVC.swift; sourceTree = "<group>"; };
		46D515201D2F8F8B00C806D9 /* DDNavigationController.swift */ = {isa = PBXFileReference; fileEncoding = 4; lastKnownFileType = sourcecode.swift; path = DDNavigationController.swift; sourceTree = "<group>"; };
		DEEBCE00A023A962825A4E58 /* Pods-FaceDD.release.xcconfig */ = {isa = PBXFileReference; includeInIndex = 1; lastKnownFileType = text.xcconfig; name = "Pods-FaceDD.release.xcconfig"; path = "Pods/Target Support Files/Pods-FaceDD/Pods-FaceDD.release.xcconfig"; sourceTree = "<group>"; };
/* End PBXFileReference section */

/* Begin PBXFrameworksBuildPhase section */
		462A418A1D2515E200B727B1 /* Frameworks */ = {
			isa = PBXFrameworksBuildPhase;
			buildActionMask = 2147483647;
			files = (
				592CCD9F9A11141C6DB81D41 /* Pods_FaceDD.framework in Frameworks */,
			);
			runOnlyForDeploymentPostprocessing = 0;
		};
		462A419E1D2515E200B727B1 /* Frameworks */ = {
			isa = PBXFrameworksBuildPhase;
			buildActionMask = 2147483647;
			files = (
			);
			runOnlyForDeploymentPostprocessing = 0;
		};
		462A41A91D2515E200B727B1 /* Frameworks */ = {
			isa = PBXFrameworksBuildPhase;
			buildActionMask = 2147483647;
			files = (
			);
			runOnlyForDeploymentPostprocessing = 0;
		};
/* End PBXFrameworksBuildPhase section */

/* Begin PBXGroup section */
		18CE5C7E1D3F162300DE3D41 /* Vender */ = {
			isa = PBXGroup;
			children = (
				18CE5C7F1D3F162300DE3D41 /* CyclePictureView */,
			);
			path = Vender;
			sourceTree = "<group>";
		};
		18CE5C7F1D3F162300DE3D41 /* CyclePictureView */ = {
			isa = PBXGroup;
			children = (
				18CE5C801D3F162300DE3D41 /* AuxiliaryModels.swift */,
				18CE5C811D3F162300DE3D41 /* CyclePictureCell.swift */,
				18CE5C821D3F162300DE3D41 /* CyclePictureView.swift */,
			);
			path = CyclePictureView;
			sourceTree = "<group>";
		};
		18CE5C861D3F162D00DE3D41 /* Common */ = {
			isa = PBXGroup;
			children = (
				18CE5C871D3F162D00DE3D41 /* UIDefine.swift */,
			);
			path = Common;
			sourceTree = "<group>";
		};
		18CE5C911D3F1E3F00DE3D41 /* cell */ = {
			isa = PBXGroup;
			children = (
				18CE5C8A1D3F164000DE3D41 /* WorkBaseCollectionCell.swift */,
				18CE5C961D3F21FB00DE3D41 /* PayrollCalculatorTableViewCell.swift */,
			);
			name = cell;
			sourceTree = "<group>";
		};
		18CE5C921D3F1E4900DE3D41 /* model */ = {
			isa = PBXGroup;
			children = (
			);
			name = model;
			sourceTree = "<group>";
		};
		18CE5C951D3F1E9E00DE3D41 /* ViewController */ = {
			isa = PBXGroup;
			children = (
				46D5151C1D2F8E8700C806D9 /* WorkBaseVC.swift */,
				18CE5C8B1D3F164000DE3D41 /* WorkLogVC.swift */,
				18CE5C8C1D3F164000DE3D41 /* WorkNoticeVC.swift */,
				18CE5C891D3F164000DE3D41 /* PayrollCalculatorVC.swift */,
			);
			name = ViewController;
			sourceTree = "<group>";
		};
		18CE5C981D3F654400DE3D41 /* CustomView */ = {
			isa = PBXGroup;
			children = (
				18CE5C991D3F658800DE3D41 /* inputTextView.swift */,
			);
			path = CustomView;
			sourceTree = "<group>";
		};
		462A41841D2515E200B727B1 = {
			isa = PBXGroup;
			children = (
				462A418F1D2515E200B727B1 /* FaceDD */,
				462A41A41D2515E200B727B1 /* FaceDDTests */,
				462A41AF1D2515E200B727B1 /* FaceDDUITests */,
				462A418E1D2515E200B727B1 /* Products */,
				4E2F0E263BAD6C840456A037 /* Pods */,
				51D4A4569069ED1BECA35BE6 /* Frameworks */,
			);
			sourceTree = "<group>";
		};
		462A418E1D2515E200B727B1 /* Products */ = {
			isa = PBXGroup;
			children = (
				462A418D1D2515E200B727B1 /* FaceDD.app */,
				462A41A11D2515E200B727B1 /* FaceDDTests.xctest */,
				462A41AC1D2515E200B727B1 /* FaceDDUITests.xctest */,
			);
			name = Products;
			sourceTree = "<group>";
		};
		462A418F1D2515E200B727B1 /* FaceDD */ = {
			isa = PBXGroup;
			children = (
				18CE5C7D1D3F161400DE3D41 /* FaceDD-bridge-Header.h */,
				462A41901D2515E200B727B1 /* AppDelegate.swift */,
				46D515201D2F8F8B00C806D9 /* DDNavigationController.swift */,
				462A41941D2515E200B727B1 /* Main.storyboard */,
				462A41921D2515E200B727B1 /* ViewController.swift */,
				18CE5C981D3F654400DE3D41 /* CustomView */,
				18CE5C861D3F162D00DE3D41 /* Common */,
				18CE5C7E1D3F162300DE3D41 /* Vender */,
				46D515181D2F7A4000C806D9 /* Me */,
				46D515171D2F7A3800C806D9 /* Work */,
				46D515161D2F7A3100C806D9 /* Dang */,
				46D515191D2F7A5400C806D9 /* SupportingFiles */,
			);
			path = FaceDD;
			sourceTree = "<group>";
		};
		462A41A41D2515E200B727B1 /* FaceDDTests */ = {
			isa = PBXGroup;
			children = (
				462A41A51D2515E200B727B1 /* FaceDDTests.swift */,
				462A41A71D2515E200B727B1 /* Info.plist */,
			);
			path = FaceDDTests;
			sourceTree = "<group>";
		};
		462A41AF1D2515E200B727B1 /* FaceDDUITests */ = {
			isa = PBXGroup;
			children = (
				462A41B01D2515E200B727B1 /* FaceDDUITests.swift */,
				462A41B21D2515E200B727B1 /* Info.plist */,
			);
			path = FaceDDUITests;
			sourceTree = "<group>";
		};
		46D515161D2F7A3100C806D9 /* Dang */ = {
			isa = PBXGroup;
			children = (
				46D5151E1D2F8EB500C806D9 /* DangBaseVC.swift */,
			);
			name = Dang;
			sourceTree = "<group>";
		};
		46D515171D2F7A3800C806D9 /* Work */ = {
			isa = PBXGroup;
			children = (
				18CE5C951D3F1E9E00DE3D41 /* ViewController */,
				18CE5C921D3F1E4900DE3D41 /* model */,
				18CE5C911D3F1E3F00DE3D41 /* cell */,
			);
			name = Work;
			sourceTree = "<group>";
		};
		46D515181D2F7A4000C806D9 /* Me */ = {
			isa = PBXGroup;
			children = (
				46D5151A1D2F8E2C00C806D9 /* PersonVC.swift */,
			);
			name = Me;
			sourceTree = "<group>";
		};
		46D515191D2F7A5400C806D9 /* SupportingFiles */ = {
			isa = PBXGroup;
			children = (
				462A41971D2515E200B727B1 /* Assets.xcassets */,
				462A41991D2515E200B727B1 /* LaunchScreen.storyboard */,
				462A419C1D2515E200B727B1 /* Info.plist */,
			);
			name = SupportingFiles;
			sourceTree = "<group>";
		};
		4E2F0E263BAD6C840456A037 /* Pods */ = {
			isa = PBXGroup;
			children = (
				3E9ACFA1E9AEA1996566C0EF /* Pods-FaceDD.debug.xcconfig */,
				DEEBCE00A023A962825A4E58 /* Pods-FaceDD.release.xcconfig */,
			);
			name = Pods;
			sourceTree = "<group>";
		};
		51D4A4569069ED1BECA35BE6 /* Frameworks */ = {
			isa = PBXGroup;
			children = (
				4225E632615722D26BA85FB2 /* Pods_FaceDD.framework */,
			);
			name = Frameworks;
			sourceTree = "<group>";
		};
/* End PBXGroup section */

/* Begin PBXNativeTarget section */
		462A418C1D2515E200B727B1 /* FaceDD */ = {
			isa = PBXNativeTarget;
			buildConfigurationList = 462A41B51D2515E300B727B1 /* Build configuration list for PBXNativeTarget "FaceDD" */;
			buildPhases = (
				BBF41618002326DF8E8E091F /* [CP] Check Pods Manifest.lock */,
				462A41891D2515E200B727B1 /* Sources */,
				462A418A1D2515E200B727B1 /* Frameworks */,
				462A418B1D2515E200B727B1 /* Resources */,
				B19758972F6472D3D1C6A302 /* [CP] Embed Pods Frameworks */,
				A2E602014A63D3E8A0E947D3 /* [CP] Copy Pods Resources */,
			);
			buildRules = (
			);
			dependencies = (
			);
			name = FaceDD;
			productName = FaceDD;
			productReference = 462A418D1D2515E200B727B1 /* FaceDD.app */;
			productType = "com.apple.product-type.application";
		};
		462A41A01D2515E200B727B1 /* FaceDDTests */ = {
			isa = PBXNativeTarget;
			buildConfigurationList = 462A41B81D2515E300B727B1 /* Build configuration list for PBXNativeTarget "FaceDDTests" */;
			buildPhases = (
				462A419D1D2515E200B727B1 /* Sources */,
				462A419E1D2515E200B727B1 /* Frameworks */,
				462A419F1D2515E200B727B1 /* Resources */,
			);
			buildRules = (
			);
			dependencies = (
				462A41A31D2515E200B727B1 /* PBXTargetDependency */,
			);
			name = FaceDDTests;
			productName = FaceDDTests;
			productReference = 462A41A11D2515E200B727B1 /* FaceDDTests.xctest */;
			productType = "com.apple.product-type.bundle.unit-test";
		};
		462A41AB1D2515E200B727B1 /* FaceDDUITests */ = {
			isa = PBXNativeTarget;
			buildConfigurationList = 462A41BB1D2515E300B727B1 /* Build configuration list for PBXNativeTarget "FaceDDUITests" */;
			buildPhases = (
				462A41A81D2515E200B727B1 /* Sources */,
				462A41A91D2515E200B727B1 /* Frameworks */,
				462A41AA1D2515E200B727B1 /* Resources */,
			);
			buildRules = (
			);
			dependencies = (
				462A41AE1D2515E200B727B1 /* PBXTargetDependency */,
			);
			name = FaceDDUITests;
			productName = FaceDDUITests;
			productReference = 462A41AC1D2515E200B727B1 /* FaceDDUITests.xctest */;
			productType = "com.apple.product-type.bundle.ui-testing";
		};
/* End PBXNativeTarget section */

/* Begin PBXProject section */
		462A41851D2515E200B727B1 /* Project object */ = {
			isa = PBXProject;
			attributes = {
				LastSwiftUpdateCheck = 0730;
				LastUpgradeCheck = 0730;
				ORGANIZATIONNAME = FaceChina;
				TargetAttributes = {
					462A418C1D2515E200B727B1 = {
						CreatedOnToolsVersion = 7.3.1;
					};
					462A41A01D2515E200B727B1 = {
						CreatedOnToolsVersion = 7.3.1;
						TestTargetID = 462A418C1D2515E200B727B1;
					};
					462A41AB1D2515E200B727B1 = {
						CreatedOnToolsVersion = 7.3.1;
						TestTargetID = 462A418C1D2515E200B727B1;
					};
				};
			};
			buildConfigurationList = 462A41881D2515E200B727B1 /* Build configuration list for PBXProject "FaceDD" */;
			compatibilityVersion = "Xcode 3.2";
			developmentRegion = English;
			hasScannedForEncodings = 0;
			knownRegions = (
				en,
				Base,
			);
			mainGroup = 462A41841D2515E200B727B1;
			productRefGroup = 462A418E1D2515E200B727B1 /* Products */;
			projectDirPath = "";
			projectRoot = "";
			targets = (
				462A418C1D2515E200B727B1 /* FaceDD */,
				462A41A01D2515E200B727B1 /* FaceDDTests */,
				462A41AB1D2515E200B727B1 /* FaceDDUITests */,
			);
		};
/* End PBXProject section */

/* Begin PBXResourcesBuildPhase section */
		462A418B1D2515E200B727B1 /* Resources */ = {
			isa = PBXResourcesBuildPhase;
			buildActionMask = 2147483647;
			files = (
				462A419B1D2515E200B727B1 /* LaunchScreen.storyboard in Resources */,
				462A41981D2515E200B727B1 /* Assets.xcassets in Resources */,
				462A41961D2515E200B727B1 /* Main.storyboard in Resources */,
			);
			runOnlyForDeploymentPostprocessing = 0;
		};
		462A419F1D2515E200B727B1 /* Resources */ = {
			isa = PBXResourcesBuildPhase;
			buildActionMask = 2147483647;
			files = (
			);
			runOnlyForDeploymentPostprocessing = 0;
		};
		462A41AA1D2515E200B727B1 /* Resources */ = {
			isa = PBXResourcesBuildPhase;
			buildActionMask = 2147483647;
			files = (
			);
			runOnlyForDeploymentPostprocessing = 0;
		};
/* End PBXResourcesBuildPhase section */

/* Begin PBXShellScriptBuildPhase section */
		A2E602014A63D3E8A0E947D3 /* [CP] Copy Pods Resources */ = {
			isa = PBXShellScriptBuildPhase;
			buildActionMask = 2147483647;
			files = (
			);
			inputPaths = (
			);
			name = "[CP] Copy Pods Resources";
			outputPaths = (
			);
			runOnlyForDeploymentPostprocessing = 0;
			shellPath = /bin/sh;
			shellScript = "\"${SRCROOT}/Pods/Target Support Files/Pods-FaceDD/Pods-FaceDD-resources.sh\"\n";
			showEnvVarsInLog = 0;
		};
		B19758972F6472D3D1C6A302 /* [CP] Embed Pods Frameworks */ = {
			isa = PBXShellScriptBuildPhase;
			buildActionMask = 2147483647;
			files = (
			);
			inputPaths = (
			);
			name = "[CP] Embed Pods Frameworks";
			outputPaths = (
			);
			runOnlyForDeploymentPostprocessing = 0;
			shellPath = /bin/sh;
			shellScript = "\"${SRCROOT}/Pods/Target Support Files/Pods-FaceDD/Pods-FaceDD-frameworks.sh\"\n";
			showEnvVarsInLog = 0;
		};
		BBF41618002326DF8E8E091F /* [CP] Check Pods Manifest.lock */ = {
			isa = PBXShellScriptBuildPhase;
			buildActionMask = 2147483647;
			files = (
			);
			inputPaths = (
			);
			name = "[CP] Check Pods Manifest.lock";
			outputPaths = (
			);
			runOnlyForDeploymentPostprocessing = 0;
			shellPath = /bin/sh;
			shellScript = "diff \"${PODS_ROOT}/../Podfile.lock\" \"${PODS_ROOT}/Manifest.lock\" > /dev/null\nif [[ $? != 0 ]] ; then\n    cat << EOM\nerror: The sandbox is not in sync with the Podfile.lock. Run 'pod install' or update your CocoaPods installation.\nEOM\n    exit 1\nfi\n";
			showEnvVarsInLog = 0;
		};
/* End PBXShellScriptBuildPhase section */

/* Begin PBXSourcesBuildPhase section */
		462A41891D2515E200B727B1 /* Sources */ = {
			isa = PBXSourcesBuildPhase;
			buildActionMask = 2147483647;
			files = (
				462A41931D2515E200B727B1 /* ViewController.swift in Sources */,
				18CE5C8E1D3F164000DE3D41 /* WorkBaseCollectionCell.swift in Sources */,
				18CE5C8D1D3F164000DE3D41 /* PayrollCalculatorVC.swift in Sources */,
				18CE5C901D3F164000DE3D41 /* WorkNoticeVC.swift in Sources */,
				46D5151F1D2F8EB500C806D9 /* DangBaseVC.swift in Sources */,
				18CE5C8F1D3F164000DE3D41 /* WorkLogVC.swift in Sources */,
				18CE5C881D3F162D00DE3D41 /* UIDefine.swift in Sources */,
				18CE5C831D3F162300DE3D41 /* AuxiliaryModels.swift in Sources */,
				18CE5C851D3F162300DE3D41 /* CyclePictureView.swift in Sources */,
				462A41911D2515E200B727B1 /* AppDelegate.swift in Sources */,
				46D5151D1D2F8E8700C806D9 /* WorkBaseVC.swift in Sources */,
				18CE5C971D3F21FB00DE3D41 /* PayrollCalculatorTableViewCell.swift in Sources */,
				18CE5C841D3F162300DE3D41 /* CyclePictureCell.swift in Sources */,
				46D5151B1D2F8E2C00C806D9 /* PersonVC.swift in Sources */,
				18CE5C9A1D3F658800DE3D41 /* inputTextView.swift in Sources */,
				46D515211D2F8F8B00C806D9 /* DDNavigationController.swift in Sources */,
			);
			runOnlyForDeploymentPostprocessing = 0;
		};
		462A419D1D2515E200B727B1 /* Sources */ = {
			isa = PBXSourcesBuildPhase;
			buildActionMask = 2147483647;
			files = (
				462A41A61D2515E200B727B1 /* FaceDDTests.swift in Sources */,
			);
			runOnlyForDeploymentPostprocessing = 0;
		};
		462A41A81D2515E200B727B1 /* Sources */ = {
			isa = PBXSourcesBuildPhase;
			buildActionMask = 2147483647;
			files = (
				462A41B11D2515E200B727B1 /* FaceDDUITests.swift in Sources */,
			);
			runOnlyForDeploymentPostprocessing = 0;
		};
/* End PBXSourcesBuildPhase section */

/* Begin PBXTargetDependency section */
		462A41A31D2515E200B727B1 /* PBXTargetDependency */ = {
			isa = PBXTargetDependency;
			target = 462A418C1D2515E200B727B1 /* FaceDD */;
			targetProxy = 462A41A21D2515E200B727B1 /* PBXContainerItemProxy */;
		};
		462A41AE1D2515E200B727B1 /* PBXTargetDependency */ = {
			isa = PBXTargetDependency;
			target = 462A418C1D2515E200B727B1 /* FaceDD */;
			targetProxy = 462A41AD1D2515E200B727B1 /* PBXContainerItemProxy */;
		};
/* End PBXTargetDependency section */

/* Begin PBXVariantGroup section */
		462A41941D2515E200B727B1 /* Main.storyboard */ = {
			isa = PBXVariantGroup;
			children = (
				462A41951D2515E200B727B1 /* Base */,
			);
			name = Main.storyboard;
			sourceTree = "<group>";
		};
		462A41991D2515E200B727B1 /* LaunchScreen.storyboard */ = {
			isa = PBXVariantGroup;
			children = (
				462A419A1D2515E200B727B1 /* Base */,
			);
			name = LaunchScreen.storyboard;
			sourceTree = "<group>";
		};
/* End PBXVariantGroup section */

/* Begin XCBuildConfiguration section */
		462A41B31D2515E200B727B1 /* Debug */ = {
			isa = XCBuildConfiguration;
			buildSettings = {
				ALWAYS_SEARCH_USER_PATHS = NO;
				CLANG_ANALYZER_NONNULL = YES;
				CLANG_CXX_LANGUAGE_STANDARD = "gnu++0x";
				CLANG_CXX_LIBRARY = "libc++";
				CLANG_ENABLE_MODULES = YES;
				CLANG_ENABLE_OBJC_ARC = YES;
				CLANG_WARN_BOOL_CONVERSION = YES;
				CLANG_WARN_CONSTANT_CONVERSION = YES;
				CLANG_WARN_DIRECT_OBJC_ISA_USAGE = YES_ERROR;
				CLANG_WARN_EMPTY_BODY = YES;
				CLANG_WARN_ENUM_CONVERSION = YES;
				CLANG_WARN_INT_CONVERSION = YES;
				CLANG_WARN_OBJC_ROOT_CLASS = YES_ERROR;
				CLANG_WARN_UNREACHABLE_CODE = YES;
				CLANG_WARN__DUPLICATE_METHOD_MATCH = YES;
				"CODE_SIGN_IDENTITY[sdk=iphoneos*]" = "iPhone Developer";
				COPY_PHASE_STRIP = NO;
				DEBUG_INFORMATION_FORMAT = dwarf;
				ENABLE_STRICT_OBJC_MSGSEND = YES;
				ENABLE_TESTABILITY = YES;
				GCC_C_LANGUAGE_STANDARD = gnu99;
				GCC_DYNAMIC_NO_PIC = NO;
				GCC_NO_COMMON_BLOCKS = YES;
				GCC_OPTIMIZATION_LEVEL = 0;
				GCC_PREPROCESSOR_DEFINITIONS = (
					"DEBUG=1",
					"$(inherited)",
				);
				GCC_WARN_64_TO_32_BIT_CONVERSION = YES;
				GCC_WARN_ABOUT_RETURN_TYPE = YES_ERROR;
				GCC_WARN_UNDECLARED_SELECTOR = YES;
				GCC_WARN_UNINITIALIZED_AUTOS = YES_AGGRESSIVE;
				GCC_WARN_UNUSED_FUNCTION = YES;
				GCC_WARN_UNUSED_VARIABLE = YES;
				IPHONEOS_DEPLOYMENT_TARGET = 9.3;
				MTL_ENABLE_DEBUG_INFO = YES;
				ONLY_ACTIVE_ARCH = YES;
				SDKROOT = iphoneos;
				SWIFT_OPTIMIZATION_LEVEL = "-Onone";
			};
			name = Debug;
		};
		462A41B41D2515E200B727B1 /* Release */ = {
			isa = XCBuildConfiguration;
			buildSettings = {
				ALWAYS_SEARCH_USER_PATHS = NO;
				CLANG_ANALYZER_NONNULL = YES;
				CLANG_CXX_LANGUAGE_STANDARD = "gnu++0x";
				CLANG_CXX_LIBRARY = "libc++";
				CLANG_ENABLE_MODULES = YES;
				CLANG_ENABLE_OBJC_ARC = YES;
				CLANG_WARN_BOOL_CONVERSION = YES;
				CLANG_WARN_CONSTANT_CONVERSION = YES;
				CLANG_WARN_DIRECT_OBJC_ISA_USAGE = YES_ERROR;
				CLANG_WARN_EMPTY_BODY = YES;
				CLANG_WARN_ENUM_CONVERSION = YES;
				CLANG_WARN_INT_CONVERSION = YES;
				CLANG_WARN_OBJC_ROOT_CLASS = YES_ERROR;
				CLANG_WARN_UNREACHABLE_CODE = YES;
				CLANG_WARN__DUPLICATE_METHOD_MATCH = YES;
				"CODE_SIGN_IDENTITY[sdk=iphoneos*]" = "iPhone Developer";
				COPY_PHASE_STRIP = NO;
				DEBUG_INFORMATION_FORMAT = "dwarf-with-dsym";
				ENABLE_NS_ASSERTIONS = NO;
				ENABLE_STRICT_OBJC_MSGSEND = YES;
				GCC_C_LANGUAGE_STANDARD = gnu99;
				GCC_NO_COMMON_BLOCKS = YES;
				GCC_WARN_64_TO_32_BIT_CONVERSION = YES;
				GCC_WARN_ABOUT_RETURN_TYPE = YES_ERROR;
				GCC_WARN_UNDECLARED_SELECTOR = YES;
				GCC_WARN_UNINITIALIZED_AUTOS = YES_AGGRESSIVE;
				GCC_WARN_UNUSED_FUNCTION = YES;
				GCC_WARN_UNUSED_VARIABLE = YES;
				IPHONEOS_DEPLOYMENT_TARGET = 9.3;
				MTL_ENABLE_DEBUG_INFO = NO;
				SDKROOT = iphoneos;
				VALIDATE_PRODUCT = YES;
			};
			name = Release;
		};
		462A41B61D2515E300B727B1 /* Debug */ = {
			isa = XCBuildConfiguration;
			baseConfigurationReference = 3E9ACFA1E9AEA1996566C0EF /* Pods-FaceDD.debug.xcconfig */;
			buildSettings = {
				ASSETCATALOG_COMPILER_APPICON_NAME = AppIcon;
				INFOPLIST_FILE = FaceDD/Info.plist;
				IPHONEOS_DEPLOYMENT_TARGET = 9.3;
				LD_RUNPATH_SEARCH_PATHS = "$(inherited) @executable_path/Frameworks";
				PRODUCT_BUNDLE_IDENTIFIER = com.zjlp.FaceDD;
				PRODUCT_NAME = "$(TARGET_NAME)";
				SWIFT_OBJC_BRIDGING_HEADER = "/Users/apple/Downloads/FaceDD-developer/FaceDD/FaceDD-bridge-Header.h";
			};
			name = Debug;
		};
		462A41B71D2515E300B727B1 /* Release */ = {
			isa = XCBuildConfiguration;
			baseConfigurationReference = DEEBCE00A023A962825A4E58 /* Pods-FaceDD.release.xcconfig */;
			buildSettings = {
				ASSETCATALOG_COMPILER_APPICON_NAME = AppIcon;
				INFOPLIST_FILE = FaceDD/Info.plist;
				IPHONEOS_DEPLOYMENT_TARGET = 9.3;
				LD_RUNPATH_SEARCH_PATHS = "$(inherited) @executable_path/Frameworks";
				PRODUCT_BUNDLE_IDENTIFIER = com.zjlp.FaceDD;
				PRODUCT_NAME = "$(TARGET_NAME)";
				SWIFT_OBJC_BRIDGING_HEADER = "/Users/apple/Downloads/FaceDD-developer/FaceDD/FaceDD-bridge-Header.h";
			};
			name = Release;
		};
		462A41B91D2515E300B727B1 /* Debug */ = {
			isa = XCBuildConfiguration;
			buildSettings = {
				BUNDLE_LOADER = "$(TEST_HOST)";
				INFOPLIST_FILE = FaceDDTests/Info.plist;
				LD_RUNPATH_SEARCH_PATHS = "$(inherited) @executable_path/Frameworks @loader_path/Frameworks";
				PRODUCT_BUNDLE_IDENTIFIER = com.zjlp.FaceDDTests;
				PRODUCT_NAME = "$(TARGET_NAME)";
				TEST_HOST = "$(BUILT_PRODUCTS_DIR)/FaceDD.app/FaceDD";
			};
			name = Debug;
		};
		462A41BA1D2515E300B727B1 /* Release */ = {
			isa = XCBuildConfiguration;
			buildSettings = {
				BUNDLE_LOADER = "$(TEST_HOST)";
				INFOPLIST_FILE = FaceDDTests/Info.plist;
				LD_RUNPATH_SEARCH_PATHS = "$(inherited) @executable_path/Frameworks @loader_path/Frameworks";
				PRODUCT_BUNDLE_IDENTIFIER = com.zjlp.FaceDDTests;
				PRODUCT_NAME = "$(TARGET_NAME)";
				TEST_HOST = "$(BUILT_PRODUCTS_DIR)/FaceDD.app/FaceDD";
			};
			name = Release;
		};
		462A41BC1D2515E300B727B1 /* Debug */ = {
			isa = XCBuildConfiguration;
			buildSettings = {
				INFOPLIST_FILE = FaceDDUITests/Info.plist;
				LD_RUNPATH_SEARCH_PATHS = "$(inherited) @executable_path/Frameworks @loader_path/Frameworks";
				PRODUCT_BUNDLE_IDENTIFIER = com.zjlp.FaceDDUITests;
				PRODUCT_NAME = "$(TARGET_NAME)";
				TEST_TARGET_NAME = FaceDD;
			};
			name = Debug;
		};
		462A41BD1D2515E300B727B1 /* Release */ = {
			isa = XCBuildConfiguration;
			buildSettings = {
				INFOPLIST_FILE = FaceDDUITests/Info.plist;
				LD_RUNPATH_SEARCH_PATHS = "$(inherited) @executable_path/Frameworks @loader_path/Frameworks";
				PRODUCT_BUNDLE_IDENTIFIER = com.zjlp.FaceDDUITests;
				PRODUCT_NAME = "$(TARGET_NAME)";
				TEST_TARGET_NAME = FaceDD;
			};
			name = Release;
		};
/* End XCBuildConfiguration section */

/* Begin XCConfigurationList section */
		462A41881D2515E200B727B1 /* Build configuration list for PBXProject "FaceDD" */ = {
			isa = XCConfigurationList;
			buildConfigurations = (
				462A41B31D2515E200B727B1 /* Debug */,
				462A41B41D2515E200B727B1 /* Release */,
			);
			defaultConfigurationIsVisible = 0;
			defaultConfigurationName = Release;
		};
		462A41B51D2515E300B727B1 /* Build configuration list for PBXNativeTarget "FaceDD" */ = {
			isa = XCConfigurationList;
			buildConfigurations = (
				462A41B61D2515E300B727B1 /* Debug */,
				462A41B71D2515E300B727B1 /* Release */,
			);
			defaultConfigurationIsVisible = 0;
			defaultConfigurationName = Release;
		};
		462A41B81D2515E300B727B1 /* Build configuration list for PBXNativeTarget "FaceDDTests" */ = {
			isa = XCConfigurationList;
			buildConfigurations = (
				462A41B91D2515E300B727B1 /* Debug */,
				462A41BA1D2515E300B727B1 /* Release */,
			);
			defaultConfigurationIsVisible = 0;
			defaultConfigurationName = Release;
		};
		462A41BB1D2515E300B727B1 /* Build configuration list for PBXNativeTarget "FaceDDUITests" */ = {
			isa = XCConfigurationList;
			buildConfigurations = (
				462A41BC1D2515E300B727B1 /* Debug */,
				462A41BD1D2515E300B727B1 /* Release */,
			);
			defaultConfigurationIsVisible = 0;
			defaultConfigurationName = Release;
		};
/* End XCConfigurationList section */
	};
	rootObject = 462A41851D2515E200B727B1 /* Project object */;
}
